
Microsoft Visual Studio Solution File, Format Version 12.00
# Visual Studio Version 16
VisualStudioVersion = 16.0.31402.337
MinimumVisualStudioVersion = 10.0.40219.1
Project("{9A19103F-16F7-4668-BE54-9A1E7A4F7556}") = "AutoPartsStore", "AutoPartsStore\AutoPartsStore.csproj", "{F469B02E-3D9D-4D91-BDEB-66EC910E165D}"
EndProject
Project("{FAE04EC0-301F-11D3-BF4B-00C04F79EFBC}") = "BusinessLayer", "BusinessLayer\BusinessLayer.csproj", "{AF043957-CE2B-4B7A-A3D5-7C04DA7F8109}"
EndProject
Project("{FAE04EC0-301F-11D3-BF4B-00C04F79EFBC}") = "RepositoryLayer", "RepositoryLayer\RepositoryLayer.csproj", "{1E1365AB-DA8B-4A08-88AA-0361E5018CA9}"
EndProject
Project("{FAE04EC0-301F-11D3-BF4B-00C04F79EFBC}") = "App.Tests", "App.Tests\App.Tests.csproj", "{1E6B204E-CBF7-44AD-A759-8AC30E57F024}"
EndProject
Project("{FAE04EC0-301F-11D3-BF4B-00C04F79EFBC}") = "ModelsLibrary", "ModelsLibrary\ModelsLibrary.csproj", "{8CC55298-9872-4E66-8C71-8AE282F11755}"
EndProject
Global
	GlobalSection(SolutionConfigurationPlatforms) = preSolution
		Debug|Any CPU = Debug|Any CPU
		Release|Any CPU = Release|Any CPU
	EndGlobalSection
	GlobalSection(ProjectConfigurationPlatforms) = postSolution
		{F469B02E-3D9D-4D91-BDEB-66EC910E165D}.Debug|Any CPU.ActiveCfg = Debug|Any CPU
		{F469B02E-3D9D-4D91-BDEB-66EC910E165D}.Debug|Any CPU.Build.0 = Debug|Any CPU
		{F469B02E-3D9D-4D91-BDEB-66EC910E165D}.Release|Any CPU.ActiveCfg = Release|Any CPU
		{F469B02E-3D9D-4D91-BDEB-66EC910E165D}.Release|Any CPU.Build.0 = Release|Any CPU
		{AF043957-CE2B-4B7A-A3D5-7C04DA7F8109}.Debug|Any CPU.ActiveCfg = Debug|Any CPU
		{AF043957-CE2B-4B7A-A3D5-7C04DA7F8109}.Debug|Any CPU.Build.0 = Debug|Any CPU
		{AF043957-CE2B-4B7A-A3D5-7C04DA7F8109}.Release|Any CPU.ActiveCfg = Release|Any CPU
		{AF043957-CE2B-4B7A-A3D5-7C04DA7F8109}.Release|Any CPU.Build.0 = Release|Any CPU
		{1E1365AB-DA8B-4A08-88AA-0361E5018CA9}.Debug|Any CPU.ActiveCfg = Debug|Any CPU
		{1E1365AB-DA8B-4A08-88AA-0361E5018CA9}.Debug|Any CPU.Build.0 = Debug|Any CPU
		{1E1365AB-DA8B-4A08-88AA-0361E5018CA9}.Release|Any CPU.ActiveCfg = Release|Any CPU
		{1E1365AB-DA8B-4A08-88AA-0361E5018CA9}.Release|Any CPU.Build.0 = Release|Any CPU
		{1E6B204E-CBF7-44AD-A759-8AC30E57F024}.Debug|Any CPU.ActiveCfg = Debug|Any CPU
		{1E6B204E-CBF7-44AD-A759-8AC30E57F024}.Debug|Any CPU.Build.0 = Debug|Any CPU
		{1E6B204E-CBF7-44AD-A759-8AC30E57F024}.Release|Any CPU.ActiveCfg = Release|Any CPU
		{1E6B204E-CBF7-44AD-A759-8AC30E57F024}.Release|Any CPU.Build.0 = Release|Any CPU
		{8CC55298-9872-4E66-8C71-8AE282F11755}.Debug|Any CPU.ActiveCfg = Debug|Any CPU
		{8CC55298-9872-4E66-8C71-8AE282F11755}.Debug|Any CPU.Build.0 = Debug|Any CPU
		{8CC55298-9872-4E66-8C71-8AE282F11755}.Release|Any CPU.ActiveCfg = Release|Any CPU
		{8CC55298-9872-4E66-8C71-8AE282F11755}.Release|Any CPU.Build.0 = Release|Any CPU
	EndGlobalSection
	GlobalSection(SolutionProperties) = preSolution
		HideSolutionNode = FALSE
	EndGlobalSection
	GlobalSection(ExtensibilityGlobals) = postSolution
		SolutionGuid = {B66E0C0C-B000-4180-8883-F60F33D498F2}
	EndGlobalSection
EndGlobal
